
Microsoft Visual Studio Solution File, Format Version 11.00
# Visual Studio 2010
Project("{FAE04EC0-301F-11D3-BF4B-00C04F79EFBC}") = "HashTag", "HashTag.csproj", "{AE667D8E-04D7-4518-BCA5-A8A6B8E01FF3}"
EndProject
Global
	GlobalSection(SolutionConfigurationPlatforms) = preSolution
		Debug|x86 = Debug|x86
		Release|x86 = Release|x86
	EndGlobalSection
	GlobalSection(ProjectConfigurationPlatforms) = postSolution
		{AE667D8E-04D7-4518-BCA5-A8A6B8E01FF3}.Debug|x86.ActiveCfg = Debug|x86
		{AE667D8E-04D7-4518-BCA5-A8A6B8E01FF3}.Debug|x86.Build.0 = Debug|x86
		{AE667D8E-04D7-4518-BCA5-A8A6B8E01FF3}.Release|x86.ActiveCfg = Release|x86
		{AE667D8E-04D7-4518-BCA5-A8A6B8E01FF3}.Release|x86.Build.0 = Release|x86
	EndGlobalSection
	GlobalSection(SolutionProperties) = preSolution
		HideSolutionNode = FALSE
	EndGlobalSection
EndGlobal
